# THIS IS AN AUTOGENERATED FILE. DO NOT EDIT THIS FILE DIRECTLY.
# yarn lockfile v1


socket-io@^1.0.0:
  version "1.0.0"
  resolved "https://registry.yarnpkg.com/socket-io/-/socket-io-1.0.0.tgz#fc566f4d30a6370224d07e65dcef386bd8f5d296"
  integrity sha512-a+3SeSnMr6wdhiv0llX1Sv1GzWIJ8aa0P65N/9Ytlu43B5QRwgDiG0U1pRLB1YhvOmV4emimc6KTfmWSGIUSwg==
